
Microsoft Visual Studio Solution File, Format Version 12.00
# Visual Studio 2012
Project("{FAE04EC0-301F-11D3-BF4B-00C04F79EFBC}") = "XamHawkAnalytics", "XamHawkAnalytics\XamHawkAnalytics.csproj", "{E786F310-24D9-4D5D-B760-051D068537B2}"
EndProject
Global
	GlobalSection(SolutionConfigurationPlatforms) = preSolution
		Debug|Any CPU = Debug|Any CPU
		Release|Any CPU = Release|Any CPU
	EndGlobalSection
	GlobalSection(ProjectConfigurationPlatforms) = postSolution
		{E786F310-24D9-4D5D-B760-051D068537B2}.Debug|Any CPU.ActiveCfg = Debug|Any CPU
		{E786F310-24D9-4D5D-B760-051D068537B2}.Debug|Any CPU.Build.0 = Debug|Any CPU
		{E786F310-24D9-4D5D-B760-051D068537B2}.Release|Any CPU.ActiveCfg = Release|Any CPU
		{E786F310-24D9-4D5D-B760-051D068537B2}.Release|Any CPU.Build.0 = Release|Any CPU
	EndGlobalSection
EndGlobal
